
Microsoft Visual Studio Solution File, Format Version 10.00
# Visual Studio 2008
Project("{FAE04EC0-301F-11D3-BF4B-00C04F79EFBC}") = "StructureMapAdapter", "StructureMapAdapter\StructureMapAdapter.csproj", "{65410B76-BFC2-4AA7-B383-2929583D0121}"
EndProject
Project("{2150E333-8FDC-42A3-9474-1A3956D46DE8}") = "Solution Items", "Solution Items", "{8A57637D-D116-47FB-9CBD-F44B69430B4A}"
	ProjectSection(SolutionItems) = preProject
		CommonServiceLocator.StructureMapAdapter.vsmdi = CommonServiceLocator.StructureMapAdapter.vsmdi
		LocalTestRun.testrunconfig = LocalTestRun.testrunconfig
	EndProjectSection
EndProject
Global
	GlobalSection(SolutionConfigurationPlatforms) = preSolution
		Debug|Any CPU = Debug|Any CPU
		Release|Any CPU = Release|Any CPU
	EndGlobalSection
	GlobalSection(ProjectConfigurationPlatforms) = postSolution
		{65410B76-BFC2-4AA7-B383-2929583D0121}.Debug|Any CPU.ActiveCfg = Debug|Any CPU
		{65410B76-BFC2-4AA7-B383-2929583D0121}.Debug|Any CPU.Build.0 = Debug|Any CPU
		{65410B76-BFC2-4AA7-B383-2929583D0121}.Release|Any CPU.ActiveCfg = Release|Any CPU
		{65410B76-BFC2-4AA7-B383-2929583D0121}.Release|Any CPU.Build.0 = Release|Any CPU
	EndGlobalSection
	GlobalSection(SolutionProperties) = preSolution
		HideSolutionNode = FALSE
	EndGlobalSection
	GlobalSection(TestCaseManagementSettings) = postSolution
		CategoryFile = CommonServiceLocator.StructureMapAdapter.vsmdi
	EndGlobalSection
EndGlobal
